
Microsoft Visual Studio Solution File, Format Version 12.00
# Visual Studio Version 16
VisualStudioVersion = 16.0.32630.194
MinimumVisualStudioVersion = 10.0.40219.1
Project("{FAE04EC0-301F-11D3-BF4B-00C04F79EFBC}") = "BankManagementSystem", "BankManagementSystem.csproj", "{6B08E1DF-0E3A-4851-A8A9-90229E9EAF28}"
EndProject
Global
	GlobalSection(SolutionConfigurationPlatforms) = preSolution
		Debug|Any CPU = Debug|Any CPU
		Release|Any CPU = Release|Any CPU
	EndGlobalSection
	GlobalSection(ProjectConfigurationPlatforms) = postSolution
		{6B08E1DF-0E3A-4851-A8A9-90229E9EAF28}.Debug|Any CPU.ActiveCfg = Debug|Any CPU
		{6B08E1DF-0E3A-4851-A8A9-90229E9EAF28}.Debug|Any CPU.Build.0 = Debug|Any CPU
		{6B08E1DF-0E3A-4851-A8A9-90229E9EAF28}.Release|Any CPU.ActiveCfg = Release|Any CPU
		{6B08E1DF-0E3A-4851-A8A9-90229E9EAF28}.Release|Any CPU.Build.0 = Release|Any CPU
	EndGlobalSection
	GlobalSection(SolutionProperties) = preSolution
		HideSolutionNode = FALSE
	EndGlobalSection
	GlobalSection(ExtensibilityGlobals) = postSolution
		SolutionGuid = {0E0801E3-AF19-4984-A6E9-3EE204E7918C}
	EndGlobalSection
EndGlobal
